
Microsoft Visual Studio Solution File, Format Version 12.00
# Visual Studio 2013
VisualStudioVersion = 12.0.30501.0
MinimumVisualStudioVersion = 10.0.40219.1
Project("{FAE04EC0-301F-11D3-BF4B-00C04F79EFBC}") = "HelloWorld", "HelloWorld\HelloWorld.csproj", "{3A54DE63-2E93-4798-A0A4-183F85140D27}"
EndProject
Project("{FAE04EC0-301F-11D3-BF4B-00C04F79EFBC}") = "RowDefinitions", "RowDefinitions\RowDefinitions.csproj", "{8D7BC43A-D8BE-48AD-974C-2A402A4B09CF}"
EndProject
Project("{FAE04EC0-301F-11D3-BF4B-00C04F79EFBC}") = "StarSizing", "StarSizing\StarSizing.csproj", "{31B1867C-93DC-4FA0-BC7D-C2AAF3C09F39}"
EndProject
Project("{FAE04EC0-301F-11D3-BF4B-00C04F79EFBC}") = "GridsRowsAndColums", "GridsRowsAndColums\GridsRowsAndColums.csproj", "{3886971A-A15A-40A5-BD80-38AF5A25C8BF}"
EndProject
Project("{FAE04EC0-301F-11D3-BF4B-00C04F79EFBC}") = "AlignmentAndmargins", "AlignmentAndmargins\AlignmentAndmargins.csproj", "{FE033BD2-903F-4031-A541-69BD15D0A690}"
EndProject
Project("{FAE04EC0-301F-11D3-BF4B-00C04F79EFBC}") = "StackPanelExample", "StackPanelExample\StackPanelExample.csproj", "{81CB94FB-FD82-48C3-A7D3-CD83AAE7B395}"
EndProject
Project("{FAE04EC0-301F-11D3-BF4B-00C04F79EFBC}") = "Lesson4AppEventHandling", "Lesson4AppEventHandling\Lesson4AppEventHandling.csproj", "{01AE2D72-8C5B-48DD-98E5-39D0C8C90668}"
EndProject
Project("{FAE04EC0-301F-11D3-BF4B-00C04F79EFBC}") = "Lesson5CommonXAMLControls", "Lesson5CommonXAMLControls\Lesson5CommonXAMLControls.csproj", "{05D365F2-B624-4ECD-B74C-DF50DCCADF3A}"
EndProject
Project("{FAE04EC0-301F-11D3-BF4B-00C04F79EFBC}") = "XAMLResources", "XAMLResources\XAMLResources.csproj", "{52D1B6AD-DBB8-4D70-9DD4-EC3D278458C6}"
EndProject
Project("{FAE04EC0-301F-11D3-BF4B-00C04F79EFBC}") = "NavigationExample", "NavigationExample\NavigationExample.csproj", "{E1050F2D-ECD4-4415-9985-CAB2AB284347}"
EndProject
Project("{FAE04EC0-301F-11D3-BF4B-00C04F79EFBC}") = "PackageAppxManifest", "PackageAppxManifest\PackageAppxManifest.csproj", "{7A42BD90-96E3-4DFD-8B8F-799569408598}"
EndProject
Project("{FAE04EC0-301F-11D3-BF4B-00C04F79EFBC}") = "TipCalculator", "TipCalculator\TipCalculator.csproj", "{BDE249DD-5ABA-4A8B-B919-12258790D686}"
EndProject
Project("{FAE04EC0-301F-11D3-BF4B-00C04F79EFBC}") = "ManagingState", "ManagingState\ManagingState.csproj", "{97460BB3-88E1-4EF8-8893-B804FB349603}"
EndProject
Global
	GlobalSection(SolutionConfigurationPlatforms) = preSolution
		Debug|Any CPU = Debug|Any CPU
		Debug|ARM = Debug|ARM
		Debug|x86 = Debug|x86
		Release|Any CPU = Release|Any CPU
		Release|ARM = Release|ARM
		Release|x86 = Release|x86
	EndGlobalSection
	GlobalSection(ProjectConfigurationPlatforms) = postSolution
		{3A54DE63-2E93-4798-A0A4-183F85140D27}.Debug|Any CPU.ActiveCfg = Debug|Any CPU
		{3A54DE63-2E93-4798-A0A4-183F85140D27}.Debug|Any CPU.Build.0 = Debug|Any CPU
		{3A54DE63-2E93-4798-A0A4-183F85140D27}.Debug|Any CPU.Deploy.0 = Debug|Any CPU
		{3A54DE63-2E93-4798-A0A4-183F85140D27}.Debug|ARM.ActiveCfg = Debug|ARM
		{3A54DE63-2E93-4798-A0A4-183F85140D27}.Debug|ARM.Build.0 = Debug|ARM
		{3A54DE63-2E93-4798-A0A4-183F85140D27}.Debug|ARM.Deploy.0 = Debug|ARM
		{3A54DE63-2E93-4798-A0A4-183F85140D27}.Debug|x86.ActiveCfg = Debug|x86
		{3A54DE63-2E93-4798-A0A4-183F85140D27}.Debug|x86.Build.0 = Debug|x86
		{3A54DE63-2E93-4798-A0A4-183F85140D27}.Debug|x86.Deploy.0 = Debug|x86
		{3A54DE63-2E93-4798-A0A4-183F85140D27}.Release|Any CPU.ActiveCfg = Release|Any CPU
		{3A54DE63-2E93-4798-A0A4-183F85140D27}.Release|Any CPU.Build.0 = Release|Any CPU
		{3A54DE63-2E93-4798-A0A4-183F85140D27}.Release|Any CPU.Deploy.0 = Release|Any CPU
		{3A54DE63-2E93-4798-A0A4-183F85140D27}.Release|ARM.ActiveCfg = Release|ARM
		{3A54DE63-2E93-4798-A0A4-183F85140D27}.Release|ARM.Build.0 = Release|ARM
		{3A54DE63-2E93-4798-A0A4-183F85140D27}.Release|ARM.Deploy.0 = Release|ARM
		{3A54DE63-2E93-4798-A0A4-183F85140D27}.Release|x86.ActiveCfg = Release|x86
		{3A54DE63-2E93-4798-A0A4-183F85140D27}.Release|x86.Build.0 = Release|x86
		{3A54DE63-2E93-4798-A0A4-183F85140D27}.Release|x86.Deploy.0 = Release|x86
		{8D7BC43A-D8BE-48AD-974C-2A402A4B09CF}.Debug|Any CPU.ActiveCfg = Debug|Any CPU
		{8D7BC43A-D8BE-48AD-974C-2A402A4B09CF}.Debug|Any CPU.Build.0 = Debug|Any CPU
		{8D7BC43A-D8BE-48AD-974C-2A402A4B09CF}.Debug|Any CPU.Deploy.0 = Debug|Any CPU
		{8D7BC43A-D8BE-48AD-974C-2A402A4B09CF}.Debug|ARM.ActiveCfg = Debug|ARM
		{8D7BC43A-D8BE-48AD-974C-2A402A4B09CF}.Debug|ARM.Build.0 = Debug|ARM
		{8D7BC43A-D8BE-48AD-974C-2A402A4B09CF}.Debug|ARM.Deploy.0 = Debug|ARM
		{8D7BC43A-D8BE-48AD-974C-2A402A4B09CF}.Debug|x86.ActiveCfg = Debug|x86
		{8D7BC43A-D8BE-48AD-974C-2A402A4B09CF}.Debug|x86.Build.0 = Debug|x86
		{8D7BC43A-D8BE-48AD-974C-2A402A4B09CF}.Debug|x86.Deploy.0 = Debug|x86
		{8D7BC43A-D8BE-48AD-974C-2A402A4B09CF}.Release|Any CPU.ActiveCfg = Release|Any CPU
		{8D7BC43A-D8BE-48AD-974C-2A402A4B09CF}.Release|Any CPU.Build.0 = Release|Any CPU
		{8D7BC43A-D8BE-48AD-974C-2A402A4B09CF}.Release|Any CPU.Deploy.0 = Release|Any CPU
		{8D7BC43A-D8BE-48AD-974C-2A402A4B09CF}.Release|ARM.ActiveCfg = Release|ARM
		{8D7BC43A-D8BE-48AD-974C-2A402A4B09CF}.Release|ARM.Build.0 = Release|ARM
		{8D7BC43A-D8BE-48AD-974C-2A402A4B09CF}.Release|ARM.Deploy.0 = Release|ARM
		{8D7BC43A-D8BE-48AD-974C-2A402A4B09CF}.Release|x86.ActiveCfg = Release|x86
		{8D7BC43A-D8BE-48AD-974C-2A402A4B09CF}.Release|x86.Build.0 = Release|x86
		{8D7BC43A-D8BE-48AD-974C-2A402A4B09CF}.Release|x86.Deploy.0 = Release|x86
		{31B1867C-93DC-4FA0-BC7D-C2AAF3C09F39}.Debug|Any CPU.ActiveCfg = Debug|Any CPU
		{31B1867C-93DC-4FA0-BC7D-C2AAF3C09F39}.Debug|Any CPU.Build.0 = Debug|Any CPU
		{31B1867C-93DC-4FA0-BC7D-C2AAF3C09F39}.Debug|Any CPU.Deploy.0 = Debug|Any CPU
		{31B1867C-93DC-4FA0-BC7D-C2AAF3C09F39}.Debug|ARM.ActiveCfg = Debug|ARM
		{31B1867C-93DC-4FA0-BC7D-C2AAF3C09F39}.Debug|ARM.Build.0 = Debug|ARM
		{31B1867C-93DC-4FA0-BC7D-C2AAF3C09F39}.Debug|ARM.Deploy.0 = Debug|ARM
		{31B1867C-93DC-4FA0-BC7D-C2AAF3C09F39}.Debug|x86.ActiveCfg = Debug|x86
		{31B1867C-93DC-4FA0-BC7D-C2AAF3C09F39}.Debug|x86.Build.0 = Debug|x86
		{31B1867C-93DC-4FA0-BC7D-C2AAF3C09F39}.Debug|x86.Deploy.0 = Debug|x86
		{31B1867C-93DC-4FA0-BC7D-C2AAF3C09F39}.Release|Any CPU.ActiveCfg = Release|Any CPU
		{31B1867C-93DC-4FA0-BC7D-C2AAF3C09F39}.Release|Any CPU.Build.0 = Release|Any CPU
		{31B1867C-93DC-4FA0-BC7D-C2AAF3C09F39}.Release|Any CPU.Deploy.0 = Release|Any CPU
		{31B1867C-93DC-4FA0-BC7D-C2AAF3C09F39}.Release|ARM.ActiveCfg = Release|ARM
		{31B1867C-93DC-4FA0-BC7D-C2AAF3C09F39}.Release|ARM.Build.0 = Release|ARM
		{31B1867C-93DC-4FA0-BC7D-C2AAF3C09F39}.Release|ARM.Deploy.0 = Release|ARM
		{31B1867C-93DC-4FA0-BC7D-C2AAF3C09F39}.Release|x86.ActiveCfg = Release|x86
		{31B1867C-93DC-4FA0-BC7D-C2AAF3C09F39}.Release|x86.Build.0 = Release|x86
		{31B1867C-93DC-4FA0-BC7D-C2AAF3C09F39}.Release|x86.Deploy.0 = Release|x86
		{3886971A-A15A-40A5-BD80-38AF5A25C8BF}.Debug|Any CPU.ActiveCfg = Debug|Any CPU
		{3886971A-A15A-40A5-BD80-38AF5A25C8BF}.Debug|Any CPU.Build.0 = Debug|Any CPU
		{3886971A-A15A-40A5-BD80-38AF5A25C8BF}.Debug|Any CPU.Deploy.0 = Debug|Any CPU
		{3886971A-A15A-40A5-BD80-38AF5A25C8BF}.Debug|ARM.ActiveCfg = Debug|ARM
		{3886971A-A15A-40A5-BD80-38AF5A25C8BF}.Debug|ARM.Build.0 = Debug|ARM
		{3886971A-A15A-40A5-BD80-38AF5A25C8BF}.Debug|ARM.Deploy.0 = Debug|ARM
		{3886971A-A15A-40A5-BD80-38AF5A25C8BF}.Debug|x86.ActiveCfg = Debug|x86
		{3886971A-A15A-40A5-BD80-38AF5A25C8BF}.Debug|x86.Build.0 = Debug|x86
		{3886971A-A15A-40A5-BD80-38AF5A25C8BF}.Debug|x86.Deploy.0 = Debug|x86
		{3886971A-A15A-40A5-BD80-38AF5A25C8BF}.Release|Any CPU.ActiveCfg = Release|Any CPU
		{3886971A-A15A-40A5-BD80-38AF5A25C8BF}.Release|Any CPU.Build.0 = Release|Any CPU
		{3886971A-A15A-40A5-BD80-38AF5A25C8BF}.Release|Any CPU.Deploy.0 = Release|Any CPU
		{3886971A-A15A-40A5-BD80-38AF5A25C8BF}.Release|ARM.ActiveCfg = Release|ARM
		{3886971A-A15A-40A5-BD80-38AF5A25C8BF}.Release|ARM.Build.0 = Release|ARM
		{3886971A-A15A-40A5-BD80-38AF5A25C8BF}.Release|ARM.Deploy.0 = Release|ARM
		{3886971A-A15A-40A5-BD80-38AF5A25C8BF}.Release|x86.ActiveCfg = Release|x86
		{3886971A-A15A-40A5-BD80-38AF5A25C8BF}.Release|x86.Build.0 = Release|x86
		{3886971A-A15A-40A5-BD80-38AF5A25C8BF}.Release|x86.Deploy.0 = Release|x86
		{FE033BD2-903F-4031-A541-69BD15D0A690}.Debug|Any CPU.ActiveCfg = Debug|Any CPU
		{FE033BD2-903F-4031-A541-69BD15D0A690}.Debug|Any CPU.Build.0 = Debug|Any CPU
		{FE033BD2-903F-4031-A541-69BD15D0A690}.Debug|Any CPU.Deploy.0 = Debug|Any CPU
		{FE033BD2-903F-4031-A541-69BD15D0A690}.Debug|ARM.ActiveCfg = Debug|ARM
		{FE033BD2-903F-4031-A541-69BD15D0A690}.Debug|ARM.Build.0 = Debug|ARM
		{FE033BD2-903F-4031-A541-69BD15D0A690}.Debug|ARM.Deploy.0 = Debug|ARM
		{FE033BD2-903F-4031-A541-69BD15D0A690}.Debug|x86.ActiveCfg = Debug|x86
		{FE033BD2-903F-4031-A541-69BD15D0A690}.Debug|x86.Build.0 = Debug|x86
		{FE033BD2-903F-4031-A541-69BD15D0A690}.Debug|x86.Deploy.0 = Debug|x86
		{FE033BD2-903F-4031-A541-69BD15D0A690}.Release|Any CPU.ActiveCfg = Release|Any CPU
		{FE033BD2-903F-4031-A541-69BD15D0A690}.Release|Any CPU.Build.0 = Release|Any CPU
		{FE033BD2-903F-4031-A541-69BD15D0A690}.Release|Any CPU.Deploy.0 = Release|Any CPU
		{FE033BD2-903F-4031-A541-69BD15D0A690}.Release|ARM.ActiveCfg = Release|ARM
		{FE033BD2-903F-4031-A541-69BD15D0A690}.Release|ARM.Build.0 = Release|ARM
		{FE033BD2-903F-4031-A541-69BD15D0A690}.Release|ARM.Deploy.0 = Release|ARM
		{FE033BD2-903F-4031-A541-69BD15D0A690}.Release|x86.ActiveCfg = Release|x86
		{FE033BD2-903F-4031-A541-69BD15D0A690}.Release|x86.Build.0 = Release|x86
		{FE033BD2-903F-4031-A541-69BD15D0A690}.Release|x86.Deploy.0 = Release|x86
		{81CB94FB-FD82-48C3-A7D3-CD83AAE7B395}.Debug|Any CPU.ActiveCfg = Debug|Any CPU
		{81CB94FB-FD82-48C3-A7D3-CD83AAE7B395}.Debug|Any CPU.Build.0 = Debug|Any CPU
		{81CB94FB-FD82-48C3-A7D3-CD83AAE7B395}.Debug|Any CPU.Deploy.0 = Debug|Any CPU
		{81CB94FB-FD82-48C3-A7D3-CD83AAE7B395}.Debug|ARM.ActiveCfg = Debug|ARM
		{81CB94FB-FD82-48C3-A7D3-CD83AAE7B395}.Debug|ARM.Build.0 = Debug|ARM
		{81CB94FB-FD82-48C3-A7D3-CD83AAE7B395}.Debug|ARM.Deploy.0 = Debug|ARM
		{81CB94FB-FD82-48C3-A7D3-CD83AAE7B395}.Debug|x86.ActiveCfg = Debug|x86
		{81CB94FB-FD82-48C3-A7D3-CD83AAE7B395}.Debug|x86.Build.0 = Debug|x86
		{81CB94FB-FD82-48C3-A7D3-CD83AAE7B395}.Debug|x86.Deploy.0 = Debug|x86
		{81CB94FB-FD82-48C3-A7D3-CD83AAE7B395}.Release|Any CPU.ActiveCfg = Release|Any CPU
		{81CB94FB-FD82-48C3-A7D3-CD83AAE7B395}.Release|Any CPU.Build.0 = Release|Any CPU
		{81CB94FB-FD82-48C3-A7D3-CD83AAE7B395}.Release|Any CPU.Deploy.0 = Release|Any CPU
		{81CB94FB-FD82-48C3-A7D3-CD83AAE7B395}.Release|ARM.ActiveCfg = Release|ARM
		{81CB94FB-FD82-48C3-A7D3-CD83AAE7B395}.Release|ARM.Build.0 = Release|ARM
		{81CB94FB-FD82-48C3-A7D3-CD83AAE7B395}.Release|ARM.Deploy.0 = Release|ARM
		{81CB94FB-FD82-48C3-A7D3-CD83AAE7B395}.Release|x86.ActiveCfg = Release|x86
		{81CB94FB-FD82-48C3-A7D3-CD83AAE7B395}.Release|x86.Build.0 = Release|x86
		{81CB94FB-FD82-48C3-A7D3-CD83AAE7B395}.Release|x86.Deploy.0 = Release|x86
		{01AE2D72-8C5B-48DD-98E5-39D0C8C90668}.Debug|Any CPU.ActiveCfg = Debug|Any CPU
		{01AE2D72-8C5B-48DD-98E5-39D0C8C90668}.Debug|Any CPU.Build.0 = Debug|Any CPU
		{01AE2D72-8C5B-48DD-98E5-39D0C8C90668}.Debug|Any CPU.Deploy.0 = Debug|Any CPU
		{01AE2D72-8C5B-48DD-98E5-39D0C8C90668}.Debug|ARM.ActiveCfg = Debug|ARM
		{01AE2D72-8C5B-48DD-98E5-39D0C8C90668}.Debug|ARM.Build.0 = Debug|ARM
		{01AE2D72-8C5B-48DD-98E5-39D0C8C90668}.Debug|ARM.Deploy.0 = Debug|ARM
		{01AE2D72-8C5B-48DD-98E5-39D0C8C90668}.Debug|x86.ActiveCfg = Debug|x86
		{01AE2D72-8C5B-48DD-98E5-39D0C8C90668}.Debug|x86.Build.0 = Debug|x86
		{01AE2D72-8C5B-48DD-98E5-39D0C8C90668}.Debug|x86.Deploy.0 = Debug|x86
		{01AE2D72-8C5B-48DD-98E5-39D0C8C90668}.Release|Any CPU.ActiveCfg = Release|Any CPU
		{01AE2D72-8C5B-48DD-98E5-39D0C8C90668}.Release|Any CPU.Build.0 = Release|Any CPU
		{01AE2D72-8C5B-48DD-98E5-39D0C8C90668}.Release|Any CPU.Deploy.0 = Release|Any CPU
		{01AE2D72-8C5B-48DD-98E5-39D0C8C90668}.Release|ARM.ActiveCfg = Release|ARM
		{01AE2D72-8C5B-48DD-98E5-39D0C8C90668}.Release|ARM.Build.0 = Release|ARM
		{01AE2D72-8C5B-48DD-98E5-39D0C8C90668}.Release|ARM.Deploy.0 = Release|ARM
		{01AE2D72-8C5B-48DD-98E5-39D0C8C90668}.Release|x86.ActiveCfg = Release|x86
		{01AE2D72-8C5B-48DD-98E5-39D0C8C90668}.Release|x86.Build.0 = Release|x86
		{01AE2D72-8C5B-48DD-98E5-39D0C8C90668}.Release|x86.Deploy.0 = Release|x86
		{05D365F2-B624-4ECD-B74C-DF50DCCADF3A}.Debug|Any CPU.ActiveCfg = Debug|Any CPU
		{05D365F2-B624-4ECD-B74C-DF50DCCADF3A}.Debug|Any CPU.Build.0 = Debug|Any CPU
		{05D365F2-B624-4ECD-B74C-DF50DCCADF3A}.Debug|Any CPU.Deploy.0 = Debug|Any CPU
		{05D365F2-B624-4ECD-B74C-DF50DCCADF3A}.Debug|ARM.ActiveCfg = Debug|ARM
		{05D365F2-B624-4ECD-B74C-DF50DCCADF3A}.Debug|ARM.Build.0 = Debug|ARM
		{05D365F2-B624-4ECD-B74C-DF50DCCADF3A}.Debug|ARM.Deploy.0 = Debug|ARM
		{05D365F2-B624-4ECD-B74C-DF50DCCADF3A}.Debug|x86.ActiveCfg = Debug|x86
		{05D365F2-B624-4ECD-B74C-DF50DCCADF3A}.Debug|x86.Build.0 = Debug|x86
		{05D365F2-B624-4ECD-B74C-DF50DCCADF3A}.Debug|x86.Deploy.0 = Debug|x86
		{05D365F2-B624-4ECD-B74C-DF50DCCADF3A}.Release|Any CPU.ActiveCfg = Release|Any CPU
		{05D365F2-B624-4ECD-B74C-DF50DCCADF3A}.Release|Any CPU.Build.0 = Release|Any CPU
		{05D365F2-B624-4ECD-B74C-DF50DCCADF3A}.Release|Any CPU.Deploy.0 = Release|Any CPU
		{05D365F2-B624-4ECD-B74C-DF50DCCADF3A}.Release|ARM.ActiveCfg = Release|ARM
		{05D365F2-B624-4ECD-B74C-DF50DCCADF3A}.Release|ARM.Build.0 = Release|ARM
		{05D365F2-B624-4ECD-B74C-DF50DCCADF3A}.Release|ARM.Deploy.0 = Release|ARM
		{05D365F2-B624-4ECD-B74C-DF50DCCADF3A}.Release|x86.ActiveCfg = Release|x86
		{05D365F2-B624-4ECD-B74C-DF50DCCADF3A}.Release|x86.Build.0 = Release|x86
		{05D365F2-B624-4ECD-B74C-DF50DCCADF3A}.Release|x86.Deploy.0 = Release|x86
		{52D1B6AD-DBB8-4D70-9DD4-EC3D278458C6}.Debug|Any CPU.ActiveCfg = Debug|Any CPU
		{52D1B6AD-DBB8-4D70-9DD4-EC3D278458C6}.Debug|Any CPU.Build.0 = Debug|Any CPU
		{52D1B6AD-DBB8-4D70-9DD4-EC3D278458C6}.Debug|Any CPU.Deploy.0 = Debug|Any CPU
		{52D1B6AD-DBB8-4D70-9DD4-EC3D278458C6}.Debug|ARM.ActiveCfg = Debug|ARM
		{52D1B6AD-DBB8-4D70-9DD4-EC3D278458C6}.Debug|ARM.Build.0 = Debug|ARM
		{52D1B6AD-DBB8-4D70-9DD4-EC3D278458C6}.Debug|ARM.Deploy.0 = Debug|ARM
		{52D1B6AD-DBB8-4D70-9DD4-EC3D278458C6}.Debug|x86.ActiveCfg = Debug|x86
		{52D1B6AD-DBB8-4D70-9DD4-EC3D278458C6}.Debug|x86.Build.0 = Debug|x86
		{52D1B6AD-DBB8-4D70-9DD4-EC3D278458C6}.Debug|x86.Deploy.0 = Debug|x86
		{52D1B6AD-DBB8-4D70-9DD4-EC3D278458C6}.Release|Any CPU.ActiveCfg = Release|Any CPU
		{52D1B6AD-DBB8-4D70-9DD4-EC3D278458C6}.Release|Any CPU.Build.0 = Release|Any CPU
		{52D1B6AD-DBB8-4D70-9DD4-EC3D278458C6}.Release|Any CPU.Deploy.0 = Release|Any CPU
		{52D1B6AD-DBB8-4D70-9DD4-EC3D278458C6}.Release|ARM.ActiveCfg = Release|ARM
		{52D1B6AD-DBB8-4D70-9DD4-EC3D278458C6}.Release|ARM.Build.0 = Release|ARM
		{52D1B6AD-DBB8-4D70-9DD4-EC3D278458C6}.Release|ARM.Deploy.0 = Release|ARM
		{52D1B6AD-DBB8-4D70-9DD4-EC3D278458C6}.Release|x86.ActiveCfg = Release|x86
		{52D1B6AD-DBB8-4D70-9DD4-EC3D278458C6}.Release|x86.Build.0 = Release|x86
		{52D1B6AD-DBB8-4D70-9DD4-EC3D278458C6}.Release|x86.Deploy.0 = Release|x86
		{E1050F2D-ECD4-4415-9985-CAB2AB284347}.Debug|Any CPU.ActiveCfg = Debug|Any CPU
		{E1050F2D-ECD4-4415-9985-CAB2AB284347}.Debug|Any CPU.Build.0 = Debug|Any CPU
		{E1050F2D-ECD4-4415-9985-CAB2AB284347}.Debug|Any CPU.Deploy.0 = Debug|Any CPU
		{E1050F2D-ECD4-4415-9985-CAB2AB284347}.Debug|ARM.ActiveCfg = Debug|ARM
		{E1050F2D-ECD4-4415-9985-CAB2AB284347}.Debug|ARM.Build.0 = Debug|ARM
		{E1050F2D-ECD4-4415-9985-CAB2AB284347}.Debug|ARM.Deploy.0 = Debug|ARM
		{E1050F2D-ECD4-4415-9985-CAB2AB284347}.Debug|x86.ActiveCfg = Debug|x86
		{E1050F2D-ECD4-4415-9985-CAB2AB284347}.Debug|x86.Build.0 = Debug|x86
		{E1050F2D-ECD4-4415-9985-CAB2AB284347}.Debug|x86.Deploy.0 = Debug|x86
		{E1050F2D-ECD4-4415-9985-CAB2AB284347}.Release|Any CPU.ActiveCfg = Release|Any CPU
		{E1050F2D-ECD4-4415-9985-CAB2AB284347}.Release|Any CPU.Build.0 = Release|Any CPU
		{E1050F2D-ECD4-4415-9985-CAB2AB284347}.Release|Any CPU.Deploy.0 = Release|Any CPU
		{E1050F2D-ECD4-4415-9985-CAB2AB284347}.Release|ARM.ActiveCfg = Release|ARM
		{E1050F2D-ECD4-4415-9985-CAB2AB284347}.Release|ARM.Build.0 = Release|ARM
		{E1050F2D-ECD4-4415-9985-CAB2AB284347}.Release|ARM.Deploy.0 = Release|ARM
		{E1050F2D-ECD4-4415-9985-CAB2AB284347}.Release|x86.ActiveCfg = Release|x86
		{E1050F2D-ECD4-4415-9985-CAB2AB284347}.Release|x86.Build.0 = Release|x86
		{E1050F2D-ECD4-4415-9985-CAB2AB284347}.Release|x86.Deploy.0 = Release|x86
		{7A42BD90-96E3-4DFD-8B8F-799569408598}.Debug|Any CPU.ActiveCfg = Debug|Any CPU
		{7A42BD90-96E3-4DFD-8B8F-799569408598}.Debug|Any CPU.Build.0 = Debug|Any CPU
		{7A42BD90-96E3-4DFD-8B8F-799569408598}.Debug|Any CPU.Deploy.0 = Debug|Any CPU
		{7A42BD90-96E3-4DFD-8B8F-799569408598}.Debug|ARM.ActiveCfg = Debug|ARM
		{7A42BD90-96E3-4DFD-8B8F-799569408598}.Debug|ARM.Build.0 = Debug|ARM
		{7A42BD90-96E3-4DFD-8B8F-799569408598}.Debug|ARM.Deploy.0 = Debug|ARM
		{7A42BD90-96E3-4DFD-8B8F-799569408598}.Debug|x86.ActiveCfg = Debug|x86
		{7A42BD90-96E3-4DFD-8B8F-799569408598}.Debug|x86.Build.0 = Debug|x86
		{7A42BD90-96E3-4DFD-8B8F-799569408598}.Debug|x86.Deploy.0 = Debug|x86
		{7A42BD90-96E3-4DFD-8B8F-799569408598}.Release|Any CPU.ActiveCfg = Release|Any CPU
		{7A42BD90-96E3-4DFD-8B8F-799569408598}.Release|Any CPU.Build.0 = Release|Any CPU
		{7A42BD90-96E3-4DFD-8B8F-799569408598}.Release|Any CPU.Deploy.0 = Release|Any CPU
		{7A42BD90-96E3-4DFD-8B8F-799569408598}.Release|ARM.ActiveCfg = Release|ARM
		{7A42BD90-96E3-4DFD-8B8F-799569408598}.Release|ARM.Build.0 = Release|ARM
		{7A42BD90-96E3-4DFD-8B8F-799569408598}.Release|ARM.Deploy.0 = Release|ARM
		{7A42BD90-96E3-4DFD-8B8F-799569408598}.Release|x86.ActiveCfg = Release|x86
		{7A42BD90-96E3-4DFD-8B8F-799569408598}.Release|x86.Build.0 = Release|x86
		{7A42BD90-96E3-4DFD-8B8F-799569408598}.Release|x86.Deploy.0 = Release|x86
		{BDE249DD-5ABA-4A8B-B919-12258790D686}.Debug|Any CPU.ActiveCfg = Debug|Any CPU
		{BDE249DD-5ABA-4A8B-B919-12258790D686}.Debug|Any CPU.Build.0 = Debug|Any CPU
		{BDE249DD-5ABA-4A8B-B919-12258790D686}.Debug|Any CPU.Deploy.0 = Debug|Any CPU
		{BDE249DD-5ABA-4A8B-B919-12258790D686}.Debug|ARM.ActiveCfg = Debug|ARM
		{BDE249DD-5ABA-4A8B-B919-12258790D686}.Debug|ARM.Build.0 = Debug|ARM
		{BDE249DD-5ABA-4A8B-B919-12258790D686}.Debug|ARM.Deploy.0 = Debug|ARM
		{BDE249DD-5ABA-4A8B-B919-12258790D686}.Debug|x86.ActiveCfg = Debug|x86
		{BDE249DD-5ABA-4A8B-B919-12258790D686}.Debug|x86.Build.0 = Debug|x86
		{BDE249DD-5ABA-4A8B-B919-12258790D686}.Debug|x86.Deploy.0 = Debug|x86
		{BDE249DD-5ABA-4A8B-B919-12258790D686}.Release|Any CPU.ActiveCfg = Release|Any CPU
		{BDE249DD-5ABA-4A8B-B919-12258790D686}.Release|Any CPU.Build.0 = Release|Any CPU
		{BDE249DD-5ABA-4A8B-B919-12258790D686}.Release|Any CPU.Deploy.0 = Release|Any CPU
		{BDE249DD-5ABA-4A8B-B919-12258790D686}.Release|ARM.ActiveCfg = Release|ARM
		{BDE249DD-5ABA-4A8B-B919-12258790D686}.Release|ARM.Build.0 = Release|ARM
		{BDE249DD-5ABA-4A8B-B919-12258790D686}.Release|ARM.Deploy.0 = Release|ARM
		{BDE249DD-5ABA-4A8B-B919-12258790D686}.Release|x86.ActiveCfg = Release|x86
		{BDE249DD-5ABA-4A8B-B919-12258790D686}.Release|x86.Build.0 = Release|x86
		{BDE249DD-5ABA-4A8B-B919-12258790D686}.Release|x86.Deploy.0 = Release|x86
		{97460BB3-88E1-4EF8-8893-B804FB349603}.Debug|Any CPU.ActiveCfg = Debug|Any CPU
		{97460BB3-88E1-4EF8-8893-B804FB349603}.Debug|Any CPU.Build.0 = Debug|Any CPU
		{97460BB3-88E1-4EF8-8893-B804FB349603}.Debug|Any CPU.Deploy.0 = Debug|Any CPU
		{97460BB3-88E1-4EF8-8893-B804FB349603}.Debug|ARM.ActiveCfg = Debug|ARM
		{97460BB3-88E1-4EF8-8893-B804FB349603}.Debug|ARM.Build.0 = Debug|ARM
		{97460BB3-88E1-4EF8-8893-B804FB349603}.Debug|ARM.Deploy.0 = Debug|ARM
		{97460BB3-88E1-4EF8-8893-B804FB349603}.Debug|x86.ActiveCfg = Debug|x86
		{97460BB3-88E1-4EF8-8893-B804FB349603}.Debug|x86.Build.0 = Debug|x86
		{97460BB3-88E1-4EF8-8893-B804FB349603}.Debug|x86.Deploy.0 = Debug|x86
		{97460BB3-88E1-4EF8-8893-B804FB349603}.Release|Any CPU.ActiveCfg = Release|Any CPU
		{97460BB3-88E1-4EF8-8893-B804FB349603}.Release|Any CPU.Build.0 = Release|Any CPU
		{97460BB3-88E1-4EF8-8893-B804FB349603}.Release|Any CPU.Deploy.0 = Release|Any CPU
		{97460BB3-88E1-4EF8-8893-B804FB349603}.Release|ARM.ActiveCfg = Release|ARM
		{97460BB3-88E1-4EF8-8893-B804FB349603}.Release|ARM.Build.0 = Release|ARM
		{97460BB3-88E1-4EF8-8893-B804FB349603}.Release|ARM.Deploy.0 = Release|ARM
		{97460BB3-88E1-4EF8-8893-B804FB349603}.Release|x86.ActiveCfg = Release|x86
		{97460BB3-88E1-4EF8-8893-B804FB349603}.Release|x86.Build.0 = Release|x86
		{97460BB3-88E1-4EF8-8893-B804FB349603}.Release|x86.Deploy.0 = Release|x86
	EndGlobalSection
	GlobalSection(SolutionProperties) = preSolution
		HideSolutionNode = FALSE
	EndGlobalSection
EndGlobal
